// !$*UTF8*$!
{
	archiveVersion = 1;
	classes = {
	};
	objectVersion = 50;
	objects = {

/* Begin PBXBuildFile section */
		3B0640C5219480FF00F0152B /* AppDelegate.swift in Sources */ = {isa = PBXBuildFile; fileRef = 3B0640C4219480FF00F0152B /* AppDelegate.swift */; };
		3B0640C7219480FF00F0152B /* ViewController.swift in Sources */ = {isa = PBXBuildFile; fileRef = 3B0640C6219480FF00F0152B /* ViewController.swift */; };
		3B0640CA219480FF00F0152B /* Main.storyboard in Resources */ = {isa = PBXBuildFile; fileRef = 3B0640C8219480FF00F0152B /* Main.storyboard */; };
		3B0640CC2194810000F0152B /* Assets.xcassets in Resources */ = {isa = PBXBuildFile; fileRef = 3B0640CB2194810000F0152B /* Assets.xcassets */; };
		3B0640CF2194810000F0152B /* LaunchScreen.storyboard in Resources */ = {isa = PBXBuildFile; fileRef = 3B0640CD2194810000F0152B /* LaunchScreen.storyboard */; };
		3B0640DB219482F700F0152B /* AdsCollectionViewCell.swift in Sources */ = {isa = PBXBuildFile; fileRef = 3B0640D9219482F700F0152B /* AdsCollectionViewCell.swift */; };
		3B0640DC219482F700F0152B /* AdsCollectionViewCell.xib in Resources */ = {isa = PBXBuildFile; fileRef = 3B0640DA219482F700F0152B /* AdsCollectionViewCell.xib */; };
		3B0640DF2194852700F0152B /* PopularBooksCollectionViewCell.swift in Sources */ = {isa = PBXBuildFile; fileRef = 3B0640DD2194852700F0152B /* PopularBooksCollectionViewCell.swift */; };
		3B0640E02194852700F0152B /* PopularBooksCollectionViewCell.xib in Resources */ = {isa = PBXBuildFile; fileRef = 3B0640DE2194852700F0152B /* PopularBooksCollectionViewCell.xib */; };
		3B0640E3219487DD00F0152B /* BookImageCollectionViewCell.swift in Sources */ = {isa = PBXBuildFile; fileRef = 3B0640E1219487DD00F0152B /* BookImageCollectionViewCell.swift */; };
		3B0640E4219487DD00F0152B /* BookImageCollectionViewCell.xib in Resources */ = {isa = PBXBuildFile; fileRef = 3B0640E2219487DD00F0152B /* BookImageCollectionViewCell.xib */; };
		3B0640E621948A7100F0152B /* CellRegisterUtils.swift in Sources */ = {isa = PBXBuildFile; fileRef = 3B0640E521948A7100F0152B /* CellRegisterUtils.swift */; };
		3B0640E821948B0500F0152B /* PopularBook.swift in Sources */ = {isa = PBXBuildFile; fileRef = 3B0640E721948B0500F0152B /* PopularBook.swift */; };
		3B0640EA21948B4800F0152B /* DummyData.swift in Sources */ = {isa = PBXBuildFile; fileRef = 3B0640E921948B4800F0152B /* DummyData.swift */; };
		3B0640ED2194922200F0152B /* BookInfoCollectionViewCell.swift in Sources */ = {isa = PBXBuildFile; fileRef = 3B0640EB2194922200F0152B /* BookInfoCollectionViewCell.swift */; };
		3B0640EE2194922200F0152B /* BookInfoCollectionViewCell.xib in Resources */ = {isa = PBXBuildFile; fileRef = 3B0640EC2194922200F0152B /* BookInfoCollectionViewCell.xib */; };
		3B0640F0219497CD00F0152B /* Book.swift in Sources */ = {isa = PBXBuildFile; fileRef = 3B0640EF219497CD00F0152B /* Book.swift */; };
		3B230EB52195DE1D008DD715 /* AdsDetailsViewController.swift in Sources */ = {isa = PBXBuildFile; fileRef = 3B230EB42195DE1D008DD715 /* AdsDetailsViewController.swift */; };
		3B230EB72195E819008DD715 /* Advertisement.swift in Sources */ = {isa = PBXBuildFile; fileRef = 3B230EB62195E819008DD715 /* Advertisement.swift */; };
		3B230EB92195EDC3008DD715 /* BookDetailsViewController.swift in Sources */ = {isa = PBXBuildFile; fileRef = 3B230EB82195EDC3008DD715 /* BookDetailsViewController.swift */; };
		3B230EBB21960019008DD715 /* BookListViewController.swift in Sources */ = {isa = PBXBuildFile; fileRef = 3B230EBA21960019008DD715 /* BookListViewController.swift */; };
		3B230EBE219600C1008DD715 /* BookListCollectionViewCell.swift in Sources */ = {isa = PBXBuildFile; fileRef = 3B230EBC219600C1008DD715 /* BookListCollectionViewCell.swift */; };
		3B230EBF219600C1008DD715 /* BookListCollectionViewCell.xib in Resources */ = {isa = PBXBuildFile; fileRef = 3B230EBD219600C1008DD715 /* BookListCollectionViewCell.xib */; };
		3B230EC121960AE2008DD715 /* MyDelegate.swift in Sources */ = {isa = PBXBuildFile; fileRef = 3B230EC021960AE2008DD715 /* MyDelegate.swift */; };
/* End PBXBuildFile section */

/* Begin PBXFileReference section */
		3B0640C1219480FF00F0152B /* mmBooks-ios.app */ = {isa = PBXFileReference; explicitFileType = wrapper.application; includeInIndex = 0; path = "mmBooks-ios.app"; sourceTree = BUILT_PRODUCTS_DIR; };
		3B0640C4219480FF00F0152B /* AppDelegate.swift */ = {isa = PBXFileReference; lastKnownFileType = sourcecode.swift; path = AppDelegate.swift; sourceTree = "<group>"; };
		3B0640C6219480FF00F0152B /* ViewController.swift */ = {isa = PBXFileReference; lastKnownFileType = sourcecode.swift; path = ViewController.swift; sourceTree = "<group>"; };
		3B0640C9219480FF00F0152B /* Base */ = {isa = PBXFileReference; lastKnownFileType = file.storyboard; name = Base; path = Base.lproj/Main.storyboard; sourceTree = "<group>"; };
		3B0640CB2194810000F0152B /* Assets.xcassets */ = {isa = PBXFileReference; lastKnownFileType = folder.assetcatalog; path = Assets.xcassets; sourceTree = "<group>"; };
		3B0640CE2194810000F0152B /* Base */ = {isa = PBXFileReference; lastKnownFileType = file.storyboard; name = Base; path = Base.lproj/LaunchScreen.storyboard; sourceTree = "<group>"; };
		3B0640D02194810000F0152B /* Info.plist */ = {isa = PBXFileReference; lastKnownFileType = text.plist.xml; path = Info.plist; sourceTree = "<group>"; };
		3B0640D9219482F700F0152B /* AdsCollectionViewCell.swift */ = {isa = PBXFileReference; lastKnownFileType = sourcecode.swift; path = AdsCollectionViewCell.swift; sourceTree = "<group>"; };
		3B0640DA219482F700F0152B /* AdsCollectionViewCell.xib */ = {isa = PBXFileReference; lastKnownFileType = file.xib; path = AdsCollectionViewCell.xib; sourceTree = "<group>"; };
		3B0640DD2194852700F0152B /* PopularBooksCollectionViewCell.swift */ = {isa = PBXFileReference; lastKnownFileType = sourcecode.swift; path = PopularBooksCollectionViewCell.swift; sourceTree = "<group>"; };
		3B0640DE2194852700F0152B /* PopularBooksCollectionViewCell.xib */ = {isa = PBXFileReference; lastKnownFileType = file.xib; path = PopularBooksCollectionViewCell.xib; sourceTree = "<group>"; };
		3B0640E1219487DD00F0152B /* BookImageCollectionViewCell.swift */ = {isa = PBXFileReference; lastKnownFileType = sourcecode.swift; path = BookImageCollectionViewCell.swift; sourceTree = "<group>"; };
		3B0640E2219487DD00F0152B /* BookImageCollectionViewCell.xib */ = {isa = PBXFileReference; lastKnownFileType = file.xib; path = BookImageCollectionViewCell.xib; sourceTree = "<group>"; };
		3B0640E521948A7100F0152B /* CellRegisterUtils.swift */ = {isa = PBXFileReference; lastKnownFileType = sourcecode.swift; path = CellRegisterUtils.swift; sourceTree = "<group>"; };
		3B0640E721948B0500F0152B /* PopularBook.swift */ = {isa = PBXFileReference; lastKnownFileType = sourcecode.swift; path = PopularBook.swift; sourceTree = "<group>"; };
		3B0640E921948B4800F0152B /* DummyData.swift */ = {isa = PBXFileReference; lastKnownFileType = sourcecode.swift; path = DummyData.swift; sourceTree = "<group>"; };
		3B0640EB2194922200F0152B /* BookInfoCollectionViewCell.swift */ = {isa = PBXFileReference; lastKnownFileType = sourcecode.swift; path = BookInfoCollectionViewCell.swift; sourceTree = "<group>"; };
		3B0640EC2194922200F0152B /* BookInfoCollectionViewCell.xib */ = {isa = PBXFileReference; lastKnownFileType = file.xib; path = BookInfoCollectionViewCell.xib; sourceTree = "<group>"; };
		3B0640EF219497CD00F0152B /* Book.swift */ = {isa = PBXFileReference; lastKnownFileType = sourcecode.swift; path = Book.swift; sourceTree = "<group>"; };
		3B230EB42195DE1D008DD715 /* AdsDetailsViewController.swift */ = {isa = PBXFileReference; lastKnownFileType = sourcecode.swift; path = AdsDetailsViewController.swift; sourceTree = "<group>"; };
		3B230EB62195E819008DD715 /* Advertisement.swift */ = {isa = PBXFileReference; lastKnownFileType = sourcecode.swift; path = Advertisement.swift; sourceTree = "<group>"; };
		3B230EB82195EDC3008DD715 /* BookDetailsViewController.swift */ = {isa = PBXFileReference; lastKnownFileType = sourcecode.swift; path = BookDetailsViewController.swift; sourceTree = "<group>"; };
		3B230EBA21960019008DD715 /* BookListViewController.swift */ = {isa = PBXFileReference; lastKnownFileType = sourcecode.swift; path = BookListViewController.swift; sourceTree = "<group>"; };
		3B230EBC219600C1008DD715 /* BookListCollectionViewCell.swift */ = {isa = PBXFileReference; lastKnownFileType = sourcecode.swift; path = BookListCollectionViewCell.swift; sourceTree = "<group>"; };
		3B230EBD219600C1008DD715 /* BookListCollectionViewCell.xib */ = {isa = PBXFileReference; lastKnownFileType = file.xib; path = BookListCollectionViewCell.xib; sourceTree = "<group>"; };
		3B230EC021960AE2008DD715 /* MyDelegate.swift */ = {isa = PBXFileReference; lastKnownFileType = sourcecode.swift; path = MyDelegate.swift; sourceTree = "<group>"; };
/* End PBXFileReference section */

/* Begin PBXFrameworksBuildPhase section */
		3B0640BE219480FF00F0152B /* Frameworks */ = {
			isa = PBXFrameworksBuildPhase;
			buildActionMask = 2147483647;
			files = (
			);
			runOnlyForDeploymentPostprocessing = 0;
		};
/* End PBXFrameworksBuildPhase section */

/* Begin PBXGroup section */
		3B0640B8219480FF00F0152B = {
			isa = PBXGroup;
			children = (
				3B0640C3219480FF00F0152B /* mmBooks-ios */,
				3B0640C2219480FF00F0152B /* Products */,
			);
			sourceTree = "<group>";
		};
		3B0640C2219480FF00F0152B /* Products */ = {
			isa = PBXGroup;
			children = (
				3B0640C1219480FF00F0152B /* mmBooks-ios.app */,
			);
			name = Products;
			sourceTree = "<group>";
		};
		3B0640C3219480FF00F0152B /* mmBooks-ios */ = {
			isa = PBXGroup;
			children = (
				3B0640D8219482D200F0152B /* cells */,
				3B0640D7219482BC00F0152B /* controllers */,
				3B0640D6219482A400F0152B /* storyboards */,
				3B0640C4219480FF00F0152B /* AppDelegate.swift */,
				3B0640CB2194810000F0152B /* Assets.xcassets */,
				3B0640D02194810000F0152B /* Info.plist */,
				3B0640E521948A7100F0152B /* CellRegisterUtils.swift */,
				3B0640E721948B0500F0152B /* PopularBook.swift */,
				3B0640E921948B4800F0152B /* DummyData.swift */,
				3B0640EF219497CD00F0152B /* Book.swift */,
				3B230EB62195E819008DD715 /* Advertisement.swift */,
				3B230EC021960AE2008DD715 /* MyDelegate.swift */,
			);
			path = "mmBooks-ios";
			sourceTree = "<group>";
		};
		3B0640D6219482A400F0152B /* storyboards */ = {
			isa = PBXGroup;
			children = (
				3B0640C8219480FF00F0152B /* Main.storyboard */,
				3B0640CD2194810000F0152B /* LaunchScreen.storyboard */,
			);
			path = storyboards;
			sourceTree = "<group>";
		};
		3B0640D7219482BC00F0152B /* controllers */ = {
			isa = PBXGroup;
			children = (
				3B0640C6219480FF00F0152B /* ViewController.swift */,
				3B230EB42195DE1D008DD715 /* AdsDetailsViewController.swift */,
				3B230EB82195EDC3008DD715 /* BookDetailsViewController.swift */,
				3B230EBA21960019008DD715 /* BookListViewController.swift */,
			);
			path = controllers;
			sourceTree = "<group>";
		};
		3B0640D8219482D200F0152B /* cells */ = {
			isa = PBXGroup;
			children = (
				3B0640D9219482F700F0152B /* AdsCollectionViewCell.swift */,
				3B0640DA219482F700F0152B /* AdsCollectionViewCell.xib */,
				3B0640DD2194852700F0152B /* PopularBooksCollectionViewCell.swift */,
				3B0640DE2194852700F0152B /* PopularBooksCollectionViewCell.xib */,
				3B0640E1219487DD00F0152B /* BookImageCollectionViewCell.swift */,
				3B0640E2219487DD00F0152B /* BookImageCollectionViewCell.xib */,
				3B0640EB2194922200F0152B /* BookInfoCollectionViewCell.swift */,
				3B0640EC2194922200F0152B /* BookInfoCollectionViewCell.xib */,
				3B230EBC219600C1008DD715 /* BookListCollectionViewCell.swift */,
				3B230EBD219600C1008DD715 /* BookListCollectionViewCell.xib */,
			);
			path = cells;
			sourceTree = "<group>";
		};
/* End PBXGroup section */

/* Begin PBXNativeTarget section */
		3B0640C0219480FF00F0152B /* mmBooks-ios */ = {
			isa = PBXNativeTarget;
			buildConfigurationList = 3B0640D32194810000F0152B /* Build configuration list for PBXNativeTarget "mmBooks-ios" */;
			buildPhases = (
				3B0640BD219480FF00F0152B /* Sources */,
				3B0640BE219480FF00F0152B /* Frameworks */,
				3B0640BF219480FF00F0152B /* Resources */,
			);
			buildRules = (
			);
			dependencies = (
			);
			name = "mmBooks-ios";
			productName = "mmBooks-ios";
			productReference = 3B0640C1219480FF00F0152B /* mmBooks-ios.app */;
			productType = "com.apple.product-type.application";
		};
/* End PBXNativeTarget section */

/* Begin PBXProject section */
		3B0640B9219480FF00F0152B /* Project object */ = {
			isa = PBXProject;
			attributes = {
				LastSwiftUpdateCheck = 1010;
				LastUpgradeCheck = 1010;
				ORGANIZATIONNAME = PADC;
				TargetAttributes = {
					3B0640C0219480FF00F0152B = {
						CreatedOnToolsVersion = 10.1;
					};
				};
			};
			buildConfigurationList = 3B0640BC219480FF00F0152B /* Build configuration list for PBXProject "mmBooks-ios" */;
			compatibilityVersion = "Xcode 9.3";
			developmentRegion = en;
			hasScannedForEncodings = 0;
			knownRegions = (
				en,
				Base,
			);
			mainGroup = 3B0640B8219480FF00F0152B;
			productRefGroup = 3B0640C2219480FF00F0152B /* Products */;
			projectDirPath = "";
			projectRoot = "";
			targets = (
				3B0640C0219480FF00F0152B /* mmBooks-ios */,
			);
		};
/* End PBXProject section */

/* Begin PBXResourcesBuildPhase section */
		3B0640BF219480FF00F0152B /* Resources */ = {
			isa = PBXResourcesBuildPhase;
			buildActionMask = 2147483647;
			files = (
				3B0640CF2194810000F0152B /* LaunchScreen.storyboard in Resources */,
				3B0640DC219482F700F0152B /* AdsCollectionViewCell.xib in Resources */,
				3B0640CC2194810000F0152B /* Assets.xcassets in Resources */,
				3B0640CA219480FF00F0152B /* Main.storyboard in Resources */,
				3B0640E02194852700F0152B /* PopularBooksCollectionViewCell.xib in Resources */,
				3B230EBF219600C1008DD715 /* BookListCollectionViewCell.xib in Resources */,
				3B0640E4219487DD00F0152B /* BookImageCollectionViewCell.xib in Resources */,
				3B0640EE2194922200F0152B /* BookInfoCollectionViewCell.xib in Resources */,
			);
			runOnlyForDeploymentPostprocessing = 0;
		};
/* End PBXResourcesBuildPhase section */

/* Begin PBXSourcesBuildPhase section */
		3B0640BD219480FF00F0152B /* Sources */ = {
			isa = PBXSourcesBuildPhase;
			buildActionMask = 2147483647;
			files = (
				3B0640EA21948B4800F0152B /* DummyData.swift in Sources */,
				3B230EB52195DE1D008DD715 /* AdsDetailsViewController.swift in Sources */,
				3B230EB92195EDC3008DD715 /* BookDetailsViewController.swift in Sources */,
				3B230EBE219600C1008DD715 /* BookListCollectionViewCell.swift in Sources */,
				3B0640E821948B0500F0152B /* PopularBook.swift in Sources */,
				3B0640E621948A7100F0152B /* CellRegisterUtils.swift in Sources */,
				3B0640C7219480FF00F0152B /* ViewController.swift in Sources */,
				3B230EB72195E819008DD715 /* Advertisement.swift in Sources */,
				3B0640DB219482F700F0152B /* AdsCollectionViewCell.swift in Sources */,
				3B0640ED2194922200F0152B /* BookInfoCollectionViewCell.swift in Sources */,
				3B0640C5219480FF00F0152B /* AppDelegate.swift in Sources */,
				3B0640DF2194852700F0152B /* PopularBooksCollectionViewCell.swift in Sources */,
				3B230EC121960AE2008DD715 /* MyDelegate.swift in Sources */,
				3B0640F0219497CD00F0152B /* Book.swift in Sources */,
				3B0640E3219487DD00F0152B /* BookImageCollectionViewCell.swift in Sources */,
				3B230EBB21960019008DD715 /* BookListViewController.swift in Sources */,
			);
			runOnlyForDeploymentPostprocessing = 0;
		};
/* End PBXSourcesBuildPhase section */

/* Begin PBXVariantGroup section */
		3B0640C8219480FF00F0152B /* Main.storyboard */ = {
			isa = PBXVariantGroup;
			children = (
				3B0640C9219480FF00F0152B /* Base */,
			);
			name = Main.storyboard;
			sourceTree = "<group>";
		};
		3B0640CD2194810000F0152B /* LaunchScreen.storyboard */ = {
			isa = PBXVariantGroup;
			children = (
				3B0640CE2194810000F0152B /* Base */,
			);
			name = LaunchScreen.storyboard;
			sourceTree = "<group>";
		};
/* End PBXVariantGroup section */

/* Begin XCBuildConfiguration section */
		3B0640D12194810000F0152B /* Debug */ = {
			isa = XCBuildConfiguration;
			buildSettings = {
				ALWAYS_SEARCH_USER_PATHS = NO;
				CLANG_ANALYZER_NONNULL = YES;
				CLANG_ANALYZER_NUMBER_OBJECT_CONVERSION = YES_AGGRESSIVE;
				CLANG_CXX_LANGUAGE_STANDARD = "gnu++14";
				CLANG_CXX_LIBRARY = "libc++";
				CLANG_ENABLE_MODULES = YES;
				CLANG_ENABLE_OBJC_ARC = YES;
				CLANG_ENABLE_OBJC_WEAK = YES;
				CLANG_WARN_BLOCK_CAPTURE_AUTORELEASING = YES;
				CLANG_WARN_BOOL_CONVERSION = YES;
				CLANG_WARN_COMMA = YES;
				CLANG_WARN_CONSTANT_CONVERSION = YES;
				CLANG_WARN_DEPRECATED_OBJC_IMPLEMENTATIONS = YES;
				CLANG_WARN_DIRECT_OBJC_ISA_USAGE = YES_ERROR;
				CLANG_WARN_DOCUMENTATION_COMMENTS = YES;
				CLANG_WARN_EMPTY_BODY = YES;
				CLANG_WARN_ENUM_CONVERSION = YES;
				CLANG_WARN_INFINITE_RECURSION = YES;
				CLANG_WARN_INT_CONVERSION = YES;
				CLANG_WARN_NON_LITERAL_NULL_CONVERSION = YES;
				CLANG_WARN_OBJC_IMPLICIT_RETAIN_SELF = YES;
				CLANG_WARN_OBJC_LITERAL_CONVERSION = YES;
				CLANG_WARN_OBJC_ROOT_CLASS = YES_ERROR;
				CLANG_WARN_RANGE_LOOP_ANALYSIS = YES;
				CLANG_WARN_STRICT_PROTOTYPES = YES;
				CLANG_WARN_SUSPICIOUS_MOVE = YES;
				CLANG_WARN_UNGUARDED_AVAILABILITY = YES_AGGRESSIVE;
				CLANG_WARN_UNREACHABLE_CODE = YES;
				CLANG_WARN__DUPLICATE_METHOD_MATCH = YES;
				CODE_SIGN_IDENTITY = "iPhone Developer";
				COPY_PHASE_STRIP = NO;
				DEBUG_INFORMATION_FORMAT = dwarf;
				ENABLE_STRICT_OBJC_MSGSEND = YES;
				ENABLE_TESTABILITY = YES;
				GCC_C_LANGUAGE_STANDARD = gnu11;
				GCC_DYNAMIC_NO_PIC = NO;
				GCC_NO_COMMON_BLOCKS = YES;
				GCC_OPTIMIZATION_LEVEL = 0;
				GCC_PREPROCESSOR_DEFINITIONS = (
					"DEBUG=1",
					"$(inherited)",
				);
				GCC_WARN_64_TO_32_BIT_CONVERSION = YES;
				GCC_WARN_ABOUT_RETURN_TYPE = YES_ERROR;
				GCC_WARN_UNDECLARED_SELECTOR = YES;
				GCC_WARN_UNINITIALIZED_AUTOS = YES_AGGRESSIVE;
				GCC_WARN_UNUSED_FUNCTION = YES;
				GCC_WARN_UNUSED_VARIABLE = YES;
				IPHONEOS_DEPLOYMENT_TARGET = 12.1;
				MTL_ENABLE_DEBUG_INFO = INCLUDE_SOURCE;
				MTL_FAST_MATH = YES;
				ONLY_ACTIVE_ARCH = YES;
				SDKROOT = iphoneos;
				SWIFT_ACTIVE_COMPILATION_CONDITIONS = DEBUG;
				SWIFT_OPTIMIZATION_LEVEL = "-Onone";
			};
			name = Debug;
		};
		3B0640D22194810000F0152B /* Release */ = {
			isa = XCBuildConfiguration;
			buildSettings = {
				ALWAYS_SEARCH_USER_PATHS = NO;
				CLANG_ANALYZER_NONNULL = YES;
				CLANG_ANALYZER_NUMBER_OBJECT_CONVERSION = YES_AGGRESSIVE;
				CLANG_CXX_LANGUAGE_STANDARD = "gnu++14";
				CLANG_CXX_LIBRARY = "libc++";
				CLANG_ENABLE_MODULES = YES;
				CLANG_ENABLE_OBJC_ARC = YES;
				CLANG_ENABLE_OBJC_WEAK = YES;
				CLANG_WARN_BLOCK_CAPTURE_AUTORELEASING = YES;
				CLANG_WARN_BOOL_CONVERSION = YES;
				CLANG_WARN_COMMA = YES;
				CLANG_WARN_CONSTANT_CONVERSION = YES;
				CLANG_WARN_DEPRECATED_OBJC_IMPLEMENTATIONS = YES;
				CLANG_WARN_DIRECT_OBJC_ISA_USAGE = YES_ERROR;
				CLANG_WARN_DOCUMENTATION_COMMENTS = YES;
				CLANG_WARN_EMPTY_BODY = YES;
				CLANG_WARN_ENUM_CONVERSION = YES;
				CLANG_WARN_INFINITE_RECURSION = YES;
				CLANG_WARN_INT_CONVERSION = YES;
				CLANG_WARN_NON_LITERAL_NULL_CONVERSION = YES;
				CLANG_WARN_OBJC_IMPLICIT_RETAIN_SELF = YES;
				CLANG_WARN_OBJC_LITERAL_CONVERSION = YES;
				CLANG_WARN_OBJC_ROOT_CLASS = YES_ERROR;
				CLANG_WARN_RANGE_LOOP_ANALYSIS = YES;
				CLANG_WARN_STRICT_PROTOTYPES = YES;
				CLANG_WARN_SUSPICIOUS_MOVE = YES;
				CLANG_WARN_UNGUARDED_AVAILABILITY = YES_AGGRESSIVE;
				CLANG_WARN_UNREACHABLE_CODE = YES;
				CLANG_WARN__DUPLICATE_METHOD_MATCH = YES;
				CODE_SIGN_IDENTITY = "iPhone Developer";
				COPY_PHASE_STRIP = NO;
				DEBUG_INFORMATION_FORMAT = "dwarf-with-dsym";
				ENABLE_NS_ASSERTIONS = NO;
				ENABLE_STRICT_OBJC_MSGSEND = YES;
				GCC_C_LANGUAGE_STANDARD = gnu11;
				GCC_NO_COMMON_BLOCKS = YES;
				GCC_WARN_64_TO_32_BIT_CONVERSION = YES;
				GCC_WARN_ABOUT_RETURN_TYPE = YES_ERROR;
				GCC_WARN_UNDECLARED_SELECTOR = YES;
				GCC_WARN_UNINITIALIZED_AUTOS = YES_AGGRESSIVE;
				GCC_WARN_UNUSED_FUNCTION = YES;
				GCC_WARN_UNUSED_VARIABLE = YES;
				IPHONEOS_DEPLOYMENT_TARGET = 12.1;
				MTL_ENABLE_DEBUG_INFO = NO;
				MTL_FAST_MATH = YES;
				SDKROOT = iphoneos;
				SWIFT_COMPILATION_MODE = wholemodule;
				SWIFT_OPTIMIZATION_LEVEL = "-O";
				VALIDATE_PRODUCT = YES;
			};
			name = Release;
		};
		3B0640D42194810000F0152B /* Debug */ = {
			isa = XCBuildConfiguration;
			buildSettings = {
				ASSETCATALOG_COMPILER_APPICON_NAME = AppIcon;
				CODE_SIGN_STYLE = Automatic;
				INFOPLIST_FILE = "mmBooks-ios/Info.plist";
				LD_RUNPATH_SEARCH_PATHS = (
					"$(inherited)",
					"@executable_path/Frameworks",
				);
				PRODUCT_BUNDLE_IDENTIFIER = "com.padc.mmBooks-ios";
				PRODUCT_NAME = "$(TARGET_NAME)";
				SWIFT_VERSION = 4.2;
				TARGETED_DEVICE_FAMILY = "1,2";
			};
			name = Debug;
		};
		3B0640D52194810000F0152B /* Release */ = {
			isa = XCBuildConfiguration;
			buildSettings = {
				ASSETCATALOG_COMPILER_APPICON_NAME = AppIcon;
				CODE_SIGN_STYLE = Automatic;
				INFOPLIST_FILE = "mmBooks-ios/Info.plist";
				LD_RUNPATH_SEARCH_PATHS = (
					"$(inherited)",
					"@executable_path/Frameworks",
				);
				PRODUCT_BUNDLE_IDENTIFIER = "com.padc.mmBooks-ios";
				PRODUCT_NAME = "$(TARGET_NAME)";
				SWIFT_VERSION = 4.2;
				TARGETED_DEVICE_FAMILY = "1,2";
			};
			name = Release;
		};
/* End XCBuildConfiguration section */

/* Begin XCConfigurationList section */
		3B0640BC219480FF00F0152B /* Build configuration list for PBXProject "mmBooks-ios" */ = {
			isa = XCConfigurationList;
			buildConfigurations = (
				3B0640D12194810000F0152B /* Debug */,
				3B0640D22194810000F0152B /* Release */,
			);
			defaultConfigurationIsVisible = 0;
			defaultConfigurationName = Release;
		};
		3B0640D32194810000F0152B /* Build configuration list for PBXNativeTarget "mmBooks-ios" */ = {
			isa = XCConfigurationList;
			buildConfigurations = (
				3B0640D42194810000F0152B /* Debug */,
				3B0640D52194810000F0152B /* Release */,
			);
			defaultConfigurationIsVisible = 0;
			defaultConfigurationName = Release;
		};
/* End XCConfigurationList section */
	};
	rootObject = 3B0640B9219480FF00F0152B /* Project object */;
}
